
Microsoft Visual Studio Solution File, Format Version 12.00
# Visual Studio Version 17
VisualStudioVersion = 17.7.34031.279
MinimumVisualStudioVersion = 10.0.40219.1
Project("{9A19103F-16F7-4668-BE54-9A1E7A4F7556}") = "Prosjekt", "Prosjekt.csproj", "{53A57DEE-B3CE-4790-BB18-AECD399273E3}"
EndProject
Project("{FAE04EC0-301F-11D3-BF4B-00C04F79EFBC}") = "ProsjektTests", "..\ProsjektTests\ProsjektTests.csproj", "{478192BC-4715-4257-AFBE-BE58063BF80F}"
EndProject
Global
	GlobalSection(SolutionConfigurationPlatforms) = preSolution
		Debug|Any CPU = Debug|Any CPU
		Release|Any CPU = Release|Any CPU
	EndGlobalSection
	GlobalSection(ProjectConfigurationPlatforms) = postSolution
		{53A57DEE-B3CE-4790-BB18-AECD399273E3}.Debug|Any CPU.ActiveCfg = Debug|Any CPU
		{53A57DEE-B3CE-4790-BB18-AECD399273E3}.Debug|Any CPU.Build.0 = Debug|Any CPU
		{53A57DEE-B3CE-4790-BB18-AECD399273E3}.Release|Any CPU.ActiveCfg = Release|Any CPU
		{53A57DEE-B3CE-4790-BB18-AECD399273E3}.Release|Any CPU.Build.0 = Release|Any CPU
		{478192BC-4715-4257-AFBE-BE58063BF80F}.Debug|Any CPU.ActiveCfg = Debug|Any CPU
		{478192BC-4715-4257-AFBE-BE58063BF80F}.Debug|Any CPU.Build.0 = Debug|Any CPU
		{478192BC-4715-4257-AFBE-BE58063BF80F}.Release|Any CPU.ActiveCfg = Release|Any CPU
		{478192BC-4715-4257-AFBE-BE58063BF80F}.Release|Any CPU.Build.0 = Release|Any CPU
	EndGlobalSection
	GlobalSection(SolutionProperties) = preSolution
		HideSolutionNode = FALSE
	EndGlobalSection
	GlobalSection(ExtensibilityGlobals) = postSolution
		SolutionGuid = {F40DE4AC-BC0B-4DE2-8FFF-CE9868B7B386}
	EndGlobalSection
EndGlobal
